Microsoft Visual Studio Solution File, Format Version 11.00
# Visual Studio 2008

Project("{D1D2751F-7B11-30C9-1927-70DC742782FB}") = "StarHarvester", "Assembly-CSharp.csproj", "{CF858EEC-3CCA-9AEA-98A0-2DEABF5C4C29}"
EndProject
Project("{D1D2751F-7B11-30C9-1927-70DC742782FB}") = "StarHarvester", "Assembly-CSharp-Editor.csproj", "{C2293F0C-EAC5-28B8-6811-99C1193C1AAA}"
EndProject
Global
	GlobalSection(SolutionConfigurationPlatforms) = preSolution
		Debug|Any CPU = Debug|Any CPU
		Release|Any CPU = Release|Any CPU
	EndGlobalSection
	GlobalSection(ProjectConfigurationPlatforms) = postSolution
		{CF858EEC-3CCA-9AEA-98A0-2DEABF5C4C29}.Debug|Any CPU.ActiveCfg = Debug|Any CPU
		{CF858EEC-3CCA-9AEA-98A0-2DEABF5C4C29}.Debug|Any CPU.Build.0 = Debug|Any CPU
		{CF858EEC-3CCA-9AEA-98A0-2DEABF5C4C29}.Release|Any CPU.ActiveCfg = Release|Any CPU
		{CF858EEC-3CCA-9AEA-98A0-2DEABF5C4C29}.Release|Any CPU.Build.0 = Release|Any CPU
		{C2293F0C-EAC5-28B8-6811-99C1193C1AAA}.Debug|Any CPU.ActiveCfg = Debug|Any CPU
		{C2293F0C-EAC5-28B8-6811-99C1193C1AAA}.Debug|Any CPU.Build.0 = Debug|Any CPU
		{C2293F0C-EAC5-28B8-6811-99C1193C1AAA}.Release|Any CPU.ActiveCfg = Release|Any CPU
		{C2293F0C-EAC5-28B8-6811-99C1193C1AAA}.Release|Any CPU.Build.0 = Release|Any CPU
	EndGlobalSection
	GlobalSection(SolutionProperties) = preSolution
		HideSolutionNode = FALSE
	EndGlobalSection
	GlobalSection(MonoDevelopProperties) = preSolution
		StartupItem = Assembly-CSharp.csproj
	EndGlobalSection
EndGlobal
